
Microsoft Visual Studio Solution File, Format Version 12.00
# Visual Studio 2015
Project("{FAE04EC0-301F-11D3-BF4B-00C04F79EFBC}") = "SpaceSpaces3.CSharp.Plugins", "SpaceSpaces3.CSharp.Plugins.csproj", "{A38F9104-227C-4AEB-4760-4B203B6611EB}"
EndProject
Project("{FAE04EC0-301F-11D3-BF4B-00C04F79EFBC}") = "SpaceSpaces3.CSharp", "SpaceSpaces3.CSharp.csproj", "{D9733FA2-29A9-7EA3-5900-4ECDEF512B08}"
EndProject
Project("{FAE04EC0-301F-11D3-BF4B-00C04F79EFBC}") = "SpaceSpaces3.CSharp.Editor", "SpaceSpaces3.CSharp.Editor.csproj", "{53869474-2CE8-F51C-3C14-06116A7F6857}"
EndProject
Global
	GlobalSection(SolutionConfigurationPlatforms) = preSolution
		Debug|Any CPU = Debug|Any CPU
		Release|Any CPU = Release|Any CPU
	EndGlobalSection
	GlobalSection(ProjectConfigurationPlatforms) = postSolution
		{A38F9104-227C-4AEB-4760-4B203B6611EB}.Debug|Any CPU.ActiveCfg = Debug|Any CPU
		{A38F9104-227C-4AEB-4760-4B203B6611EB}.Debug|Any CPU.Build.0 = Debug|Any CPU
		{A38F9104-227C-4AEB-4760-4B203B6611EB}.Release|Any CPU.ActiveCfg = Release|Any CPU
		{A38F9104-227C-4AEB-4760-4B203B6611EB}.Release|Any CPU.Build.0 = Release|Any CPU
		{D9733FA2-29A9-7EA3-5900-4ECDEF512B08}.Debug|Any CPU.ActiveCfg = Debug|Any CPU
		{D9733FA2-29A9-7EA3-5900-4ECDEF512B08}.Debug|Any CPU.Build.0 = Debug|Any CPU
		{D9733FA2-29A9-7EA3-5900-4ECDEF512B08}.Release|Any CPU.ActiveCfg = Release|Any CPU
		{D9733FA2-29A9-7EA3-5900-4ECDEF512B08}.Release|Any CPU.Build.0 = Release|Any CPU
		{53869474-2CE8-F51C-3C14-06116A7F6857}.Debug|Any CPU.ActiveCfg = Debug|Any CPU
		{53869474-2CE8-F51C-3C14-06116A7F6857}.Debug|Any CPU.Build.0 = Debug|Any CPU
		{53869474-2CE8-F51C-3C14-06116A7F6857}.Release|Any CPU.ActiveCfg = Release|Any CPU
		{53869474-2CE8-F51C-3C14-06116A7F6857}.Release|Any CPU.Build.0 = Release|Any CPU
	EndGlobalSection
	GlobalSection(SolutionProperties) = preSolution
		HideSolutionNode = FALSE
	EndGlobalSection
EndGlobal
